<?xml version="1.0" encoding="UTF-8" standalone="yes" ?>
<CodeBlocks_project_file>
	<FileVersion major="1" minor="6" />
	<Project>
		<Option title="provjera2" />
		<Option pch_mode="2" />
		<Option compiler="gcc" />
		<Build>
			<Target title="Debug">
				<Option output="bin/Debug/provjera2" prefix_auto="1" extension_auto="1" />
				<Option object_output="obj/Debug/" />
				<Option type="1" />
				<Option compiler="gcc" />
				<Compiler>
					<Add option="-g" />
				</Compiler>
			</Target>
			<Target title="Release">
				<Option output="bin/Release/provjera2" prefix_auto="1" extension_auto="1" />
				<Option object_output="obj/Release/" />
				<Option type="0" />
				<Option compiler="gcc" />
				<Compiler>
					<Add option="-O2" />
				</Compiler>
				<Linker>
					<Add option="-s" />
				</Linker>
			</Target>
		</Build>
		<Compiler>
			<Add option="-Wall" />
		</Compiler>
		<Linker>
			<Add library="gdi32" />
			<Add library="user32" />
			<Add library="kernel32" />
			<Add library="comctl32" />
		</Linker>
		<Unit filename="GenerateObjects.cpp" />
		<Unit filename="GenerateObjects.hpp" />
		<Unit filename="Global.cpp" />
		<Unit filename="Global.hpp" />
		<Unit filename="GlobalObjects.hpp" />
		<Unit filename="Object.hpp" />
		<Unit filename="PiranhaTimerDown.cpp" />
		<Unit filename="PiranhaTimerDown.hpp" />
		<Unit filename="PiranhaTimerUp.cpp" />
		<Unit filename="PiranhaTimerUp.hpp" />
		<Unit filename="main.cpp" />
		<Unit filename="praviUpdate.cpp" />
		<Unit filename="praviUpdate.hpp" />
		<Extensions>
			<lib_finder disable_auto="1" />
		</Extensions>
	</Project>
</CodeBlocks_project_file>
