<?xml version="1.0" encoding="UTF-8" standalone="yes" ?>
<CodeBlocks_project_file>
	<FileVersion major="1" minor="6" />
	<Project>
		<Option title="RI204-projekat-arijankaric" />
		<Option pch_mode="2" />
		<Option compiler="gcc" />
		<Build>
			<Target title="Debug">
				<Option output="bin/Debug/RI204-projekat-arijankaric" prefix_auto="1" extension_auto="1" />
				<Option object_output="obj/Debug/" />
				<Option type="1" />
				<Option compiler="gcc" />
				<Compiler>
					<Add option="-g" />
				</Compiler>
			</Target>
			<Target title="Release">
				<Option output="bin/Release/RI204-projekat-arijankaric" prefix_auto="1" extension_auto="1" />
				<Option object_output="obj/Release/" />
				<Option type="0" />
				<Option compiler="gcc" />
				<Compiler>
					<Add option="-O2" />
				</Compiler>
				<Linker>
					<Add option="-s" />
				</Linker>
			</Target>
		</Build>
		<Compiler>
			<Add option="-Wall" />
		</Compiler>
		<Linker>
			<Add library="gdi32" />
			<Add library="user32" />
			<Add library="kernel32" />
			<Add library="comctl32" />
		</Linker>
		<Unit filename="Background.cpp" />
		<Unit filename="Background.hpp" />
		<Unit filename="Coin.cpp" />
		<Unit filename="Coin.hpp" />
		<Unit filename="DrawObjekat.cpp" />
		<Unit filename="Fireball.cpp" />
		<Unit filename="Fireball.hpp" />
		<Unit filename="FlowerEnemy.cpp" />
		<Unit filename="FlowerEnemy.hpp" />
		<Unit filename="Game.cpp" />
		<Unit filename="Game.hpp" />
		<Unit filename="Global.hpp" />
		<Unit filename="Goomba.cpp" />
		<Unit filename="Goomba.hpp" />
		<Unit filename="Ground.cpp" />
		<Unit filename="Ground.hpp" />
		<Unit filename="Mario.cpp" />
		<Unit filename="Mario.hpp" />
		<Unit filename="Object.cpp" />
		<Unit filename="Object.hpp" />
		<Unit filename="Pipe.cpp" />
		<Unit filename="Pipe.hpp" />
		<Unit filename="PiranhaTimerDown.cpp" />
		<Unit filename="PiranhaTimerUp.cpp" />
		<Unit filename="QuestionBlock.cpp" />
		<Unit filename="QuestionBlock.hpp" />
		<Unit filename="Turtle.cpp" />
		<Unit filename="Turtle.hpp" />
		<Unit filename="UpdateObjekat.cpp" />
		<Unit filename="distanceBetweenObjects.cpp" />
		<Unit filename="distanceBetweenObjects.hpp" />
		<Unit filename="main.cpp" />
		<Extensions>
			<lib_finder disable_auto="1" />
		</Extensions>
	</Project>
</CodeBlocks_project_file>
